const express = require("express");
const http = require("http");
const path = require("path");
const { Server } = require("socket.io");

const app = express();
const server = http.createServer(app);
const io = new Server(server);

app.use(express.static(path.join(__dirname, "public")));

app.get("/", (req, res) => {
  res.sendFile(path.join(__dirname, "public", "index.html"));
});

const onlineUsers = new Map();

io.on("connection", (socket) => {
  console.log("connected:", socket.id);

  socket.on("join", ({ username }) => {
    if (!username) return;

    onlineUsers.set(socket.id, {
      socketId: socket.id,
      username,
    });

    io.emit("system", {
      text: `${username} joined the chat`,
      time: new Date(),
    });

    io.emit("online-users", {
      users: Array.from(onlineUsers.values()),
    });
  });

  socket.on("message", ({ text }) => {
    const user = onlineUsers.get(socket.id);

    if (!user || !text) return;

    io.emit("message", {
      username: user.username,
      text,
      time: new Date(),
    });
  });

  socket.on("typing", ({ isTyping }) => {
    const user = onlineUsers.get(socket.id);

    if (!user) return;

    socket.broadcast.emit("typing", {
      username: user.username,
      isTyping,
    });
  });

  socket.on("disconnect", () => {
    const user = onlineUsers.get(socket.id);

    if (!user) return;

    onlineUsers.delete(socket.id);

    io.emit("system", {
      text: `${user.username} left the chat`,
      time: new Date(),
    });

    io.emit("online-users", {
      users: Array.from(onlineUsers.values()),
    });
  });
});

const PORT = process.env.PORT || 5000;

server.listen(PORT, () => {
  console.log(`Server running on port ${PORT}`);
});